
Microsoft Visual Studio Solution File, Format Version 12.00
# Visual Studio Version 16
VisualStudioVersion = 16.0.31410.357
MinimumVisualStudioVersion = 10.0.40219.1
Project("{9A19103F-16F7-4668-BE54-9A1E7A4F7556}") = "ProjetoProdutos_Api", "ProjetoProdutos_Api.csproj", "{2C50E12E-8BF4-4D98-A131-3CBAA062946A}"
EndProject
Global
	GlobalSection(SolutionConfigurationPlatforms) = preSolution
		Debug|Any CPU = Debug|Any CPU
		Release|Any CPU = Release|Any CPU
	EndGlobalSection
	GlobalSection(ProjectConfigurationPlatforms) = postSolution
		{2C50E12E-8BF4-4D98-A131-3CBAA062946A}.Debug|Any CPU.ActiveCfg = Debug|Any CPU
		{2C50E12E-8BF4-4D98-A131-3CBAA062946A}.Debug|Any CPU.Build.0 = Debug|Any CPU
		{2C50E12E-8BF4-4D98-A131-3CBAA062946A}.Release|Any CPU.ActiveCfg = Release|Any CPU
		{2C50E12E-8BF4-4D98-A131-3CBAA062946A}.Release|Any CPU.Build.0 = Release|Any CPU
	EndGlobalSection
	GlobalSection(SolutionProperties) = preSolution
		HideSolutionNode = FALSE
	EndGlobalSection
	GlobalSection(ExtensibilityGlobals) = postSolution
		SolutionGuid = {285034C9-BF4E-4309-9FD5-BB4833B20848}
	EndGlobalSection
EndGlobal
